<?xml version="1.0" encoding="utf-8"?>
<Project ToolsVersion="4.0" xmlns="http://schemas.microsoft.com/developer/msbuild/2003">
  <ItemGroup>
    <Filter Include="Source Dateien">
      <UniqueIdentifier>{4FC737F1-C7A5-4376-A066-2A32D752A2FF}</UniqueIdentifier>
      <Extensions>cpp;cxx;c;def</Extensions>
    </Filter>
    <Filter Include="Header Dateien">
      <UniqueIdentifier>{93995380-89BD-4b04-88EB-625FBE52EBFB}</UniqueIdentifier>
      <Extensions>h</Extensions>
    </Filter>
    <Filter Include="Form Dateien">
      <UniqueIdentifier>{99349809-55BA-4b9d-BF79-8FDBB0286EB3}</UniqueIdentifier>
      <Extensions>ui</Extensions>
    </Filter>
    <Filter Include="Resource Dateien">
      <UniqueIdentifier>{D9D6E242-F8AF-46E4-B9FD-80ECBC20BA3E}</UniqueIdentifier>
      <Extensions>qrc;*</Extensions>
      <ParseFiles>false</ParseFiles>
    </Filter>
    <Filter Include="Generierte Dateien">
      <UniqueIdentifier>{71ED8ED8-ACB9-4CE9-BBE1-E00B30144E11}</UniqueIdentifier>
      <Extensions>moc;h;cpp</Extensions>
      <SourceControlFiles>False</SourceControlFiles>
    </Filter>
    <Filter Include="Generierte Dateien\Debug">
      <UniqueIdentifier>{85e2573b-2821-4097-98e4-3131b0082621}</UniqueIdentifier>
      <Extensions>cpp;moc</Extensions>
      <SourceControlFiles>False</SourceControlFiles>
    </Filter>
    <Filter Include="Generierte Dateien\Release">
      <UniqueIdentifier>{1d96a077-027e-44af-9b75-12bb0da74e45}</UniqueIdentifier>
      <Extensions>cpp;moc</Extensions>
      <SourceControlFiles>False</SourceControlFiles>
    </Filter>
    <Filter Include="Generierte Dateien\StaticRelease">
      <UniqueIdentifier>{c1862add-0cfe-4926-9f1e-d3dfc1989de4}</UniqueIdentifier>
      <Extensions>cpp;moc</Extensions>
      <SourceControlFiles>False</SourceControlFiles>
    </Filter>
  </ItemGroup>
  <ItemGroup>
    <ClCompile Include="main.cpp">
      <Filter>Source Dateien</Filter>
    </ClCompile>
    <ClCompile Include="helfitqt.cpp">
      <Filter>Source Dateien</Filter>
    </ClCompile>
    <ClCompile Include="GeneratedFiles\qrc_helfitqt.cpp">
      <Filter>Generierte Dateien</Filter>
    </ClCompile>
    <ClCompile Include="qcustomplot.cpp">
      <Filter>Source Dateien</Filter>
    </ClCompile>
    <ClCompile Include="dialog_modelvars.cpp">
      <Filter>Source Dateien</Filter>
    </ClCompile>
    <ClCompile Include="dialog_fittingvars.cpp">
      <Filter>Source Dateien</Filter>
    </ClCompile>
    <ClCompile Include="GeneratedFiles\Debug\moc_dialog_fittingvars.cpp">
      <Filter>Generierte Dateien\Debug</Filter>
    </ClCompile>
    <ClCompile Include="GeneratedFiles\Release\moc_dialog_fittingvars.cpp">
      <Filter>Generierte Dateien\Release</Filter>
    </ClCompile>
    <ClCompile Include="GeneratedFiles\StaticRelease\moc_dialog_fittingvars.cpp">
      <Filter>Generierte Dateien\StaticRelease</Filter>
    </ClCompile>
    <ClCompile Include="GeneratedFiles\Debug\moc_qcustomplot.cpp">
      <Filter>Generierte Dateien\Debug</Filter>
    </ClCompile>
    <ClCompile Include="GeneratedFiles\Release\moc_qcustomplot.cpp">
      <Filter>Generierte Dateien\Release</Filter>
    </ClCompile>
    <ClCompile Include="GeneratedFiles\StaticRelease\moc_qcustomplot.cpp">
      <Filter>Generierte Dateien\StaticRelease</Filter>
    </ClCompile>
    <ClCompile Include="GeneratedFiles\Debug\moc_helfitqt.cpp">
      <Filter>Generierte Dateien\Debug</Filter>
    </ClCompile>
    <ClCompile Include="GeneratedFiles\Release\moc_helfitqt.cpp">
      <Filter>Generierte Dateien\Release</Filter>
    </ClCompile>
    <ClCompile Include="GeneratedFiles\StaticRelease\moc_helfitqt.cpp">
      <Filter>Generierte Dateien\StaticRelease</Filter>
    </ClCompile>
    <ClCompile Include="GeneratedFiles\Debug\moc_dialog_modelvars.cpp">
      <Filter>Generierte Dateien\Debug</Filter>
    </ClCompile>
    <ClCompile Include="GeneratedFiles\Release\moc_dialog_modelvars.cpp">
      <Filter>Generierte Dateien\Release</Filter>
    </ClCompile>
    <ClCompile Include="GeneratedFiles\StaticRelease\moc_dialog_modelvars.cpp">
      <Filter>Generierte Dateien\StaticRelease</Filter>
    </ClCompile>
    <ClCompile Include="GeneratedFiles\Debug\moc_data_def.cpp">
      <Filter>Generierte Dateien\Debug</Filter>
    </ClCompile>
    <ClCompile Include="GeneratedFiles\Release\moc_data_def.cpp">
      <Filter>Generierte Dateien\Release</Filter>
    </ClCompile>
    <ClCompile Include="GeneratedFiles\StaticRelease\moc_data_def.cpp">
      <Filter>Generierte Dateien\StaticRelease</Filter>
    </ClCompile>
  </ItemGroup>
  <ItemGroup>
    <CustomBuild Include="helfitqt.h">
      <Filter>Header Dateien</Filter>
    </CustomBuild>
    <CustomBuild Include="helfitqt.ui">
      <Filter>Form Dateien</Filter>
    </CustomBuild>
    <CustomBuild Include="helfitqt.qrc">
      <Filter>Resource Dateien</Filter>
    </CustomBuild>
    <CustomBuild Include="qcustomplot.h">
      <Filter>Header Dateien</Filter>
    </CustomBuild>
    <CustomBuild Include="data_utils.h">
      <Filter>Header Dateien</Filter>
    </CustomBuild>
    <CustomBuild Include="dialog_modelvars.ui">
      <Filter>Form Dateien</Filter>
    </CustomBuild>
    <CustomBuild Include="dialog_modelvars.h">
      <Filter>Header Dateien</Filter>
    </CustomBuild>
    <CustomBuild Include="data_def.h">
      <Filter>Header Dateien</Filter>
    </CustomBuild>
    <CustomBuild Include="dialog_fittingvars.ui">
      <Filter>Form Dateien</Filter>
    </CustomBuild>
    <CustomBuild Include="dialog_fittingvars.h">
      <Filter>Header Dateien</Filter>
    </CustomBuild>
  </ItemGroup>
  <ItemGroup>
    <ClInclude Include="GeneratedFiles\ui_helfitqt.h">
      <Filter>Generierte Dateien</Filter>
    </ClInclude>
    <ClInclude Include="GeneratedFiles\ui_dialog_modelvars.h">
      <Filter>Generierte Dateien</Filter>
    </ClInclude>
    <ClInclude Include="thread_utils.h">
      <Filter>Header Dateien</Filter>
    </ClInclude>
    <ClInclude Include="GeneratedFiles\ui_dialog_fittingvars.h">
      <Filter>Generierte Dateien</Filter>
    </ClInclude>
    <ClInclude Include="merger_utils.h">
      <Filter>Header Dateien</Filter>
    </ClInclude>
  </ItemGroup>
</Project>